
Microsoft Visual Studio Solution File, Format Version 12.00
# Visual Studio Version 16
VisualStudioVersion = 16.0.29306.81
MinimumVisualStudioVersion = 10.0.40219.1
Project("{FAE04EC0-301F-11D3-BF4B-00C04F79EFBC}") = "AlgoritmeLes2", "AlgoritmeLes2.csproj", "{0863212E-3349-4A2C-B73F-056C50BA03C4}"
EndProject
Project("{FAE04EC0-301F-11D3-BF4B-00C04F79EFBC}") = "Opgave5", "..\Opgave5\Opgave5.csproj", "{DC7F7DC1-F9A1-4CF3-B9F7-606B0CD43693}"
EndProject
Project("{FAE04EC0-301F-11D3-BF4B-00C04F79EFBC}") = "Opgave6", "..\Opgave6\Opgave6.csproj", "{F63A0D7D-9027-42B0-8572-87F10858A56B}"
EndProject
Global
	GlobalSection(SolutionConfigurationPlatforms) = preSolution
		Debug|Any CPU = Debug|Any CPU
		Release|Any CPU = Release|Any CPU
	EndGlobalSection
	GlobalSection(ProjectConfigurationPlatforms) = postSolution
		{0863212E-3349-4A2C-B73F-056C50BA03C4}.Debug|Any CPU.ActiveCfg = Debug|Any CPU
		{0863212E-3349-4A2C-B73F-056C50BA03C4}.Debug|Any CPU.Build.0 = Debug|Any CPU
		{0863212E-3349-4A2C-B73F-056C50BA03C4}.Release|Any CPU.ActiveCfg = Release|Any CPU
		{0863212E-3349-4A2C-B73F-056C50BA03C4}.Release|Any CPU.Build.0 = Release|Any CPU
		{DC7F7DC1-F9A1-4CF3-B9F7-606B0CD43693}.Debug|Any CPU.ActiveCfg = Debug|Any CPU
		{DC7F7DC1-F9A1-4CF3-B9F7-606B0CD43693}.Debug|Any CPU.Build.0 = Debug|Any CPU
		{DC7F7DC1-F9A1-4CF3-B9F7-606B0CD43693}.Release|Any CPU.ActiveCfg = Release|Any CPU
		{DC7F7DC1-F9A1-4CF3-B9F7-606B0CD43693}.Release|Any CPU.Build.0 = Release|Any CPU
		{F63A0D7D-9027-42B0-8572-87F10858A56B}.Debug|Any CPU.ActiveCfg = Debug|Any CPU
		{F63A0D7D-9027-42B0-8572-87F10858A56B}.Debug|Any CPU.Build.0 = Debug|Any CPU
		{F63A0D7D-9027-42B0-8572-87F10858A56B}.Release|Any CPU.ActiveCfg = Release|Any CPU
		{F63A0D7D-9027-42B0-8572-87F10858A56B}.Release|Any CPU.Build.0 = Release|Any CPU
	EndGlobalSection
	GlobalSection(SolutionProperties) = preSolution
		HideSolutionNode = FALSE
	EndGlobalSection
	GlobalSection(ExtensibilityGlobals) = postSolution
		SolutionGuid = {073FF096-6898-4C80-9FE6-28ECFE038DB5}
	EndGlobalSection
EndGlobal
