
Microsoft Visual Studio Solution File, Format Version 12.00
# Visual Studio Version 16
VisualStudioVersion = 16.0.29306.81
MinimumVisualStudioVersion = 10.0.40219.1
Project("{FAE04EC0-301F-11D3-BF4B-00C04F79EFBC}") = "AlgoritmeHuiswerkWeek2", "AlgoritmeHuiswerkWeek2.csproj", "{C900767F-8C6C-4439-A9B9-FBC76C35BFB7}"
EndProject
Global
	GlobalSection(SolutionConfigurationPlatforms) = preSolution
		Debug|Any CPU = Debug|Any CPU
		Release|Any CPU = Release|Any CPU
	EndGlobalSection
	GlobalSection(ProjectConfigurationPlatforms) = postSolution
		{C900767F-8C6C-4439-A9B9-FBC76C35BFB7}.Debug|Any CPU.ActiveCfg = Debug|Any CPU
		{C900767F-8C6C-4439-A9B9-FBC76C35BFB7}.Debug|Any CPU.Build.0 = Debug|Any CPU
		{C900767F-8C6C-4439-A9B9-FBC76C35BFB7}.Release|Any CPU.ActiveCfg = Release|Any CPU
		{C900767F-8C6C-4439-A9B9-FBC76C35BFB7}.Release|Any CPU.Build.0 = Release|Any CPU
	EndGlobalSection
	GlobalSection(SolutionProperties) = preSolution
		HideSolutionNode = FALSE
	EndGlobalSection
	GlobalSection(ExtensibilityGlobals) = postSolution
		SolutionGuid = {971F33BF-986C-46B0-A762-CACC61D0FD31}
	EndGlobalSection
EndGlobal
